
Microsoft Visual Studio Solution File, Format Version 12.00
# Visual Studio Version 16
VisualStudioVersion = 16.0.30204.135
MinimumVisualStudioVersion = 10.0.40219.1
Project("{9A19103F-16F7-4668-BE54-9A1E7A4F7556}") = "Scarpa.Common", "Scarpa.Common\Scarpa.Common.csproj", "{2A2E2F15-3AAD-4221-946F-7F42B3DE3F13}"
EndProject
Project("{9A19103F-16F7-4668-BE54-9A1E7A4F7556}") = "Scarpa.Web", "Scarpa.Web\Scarpa.Web.csproj", "{79FBF3D1-346B-4C49-AD4B-E43E17B94C15}"
EndProject
Project("{FAE04EC0-301F-11D3-BF4B-00C04F79EFBC}") = "Scarpa.Prism", "Scarpa.Prism\Scarpa.Prism\Scarpa.Prism.csproj", "{3CA1D7B4-8005-469F-9699-A64CC3C83ECF}"
EndProject
Project("{FAE04EC0-301F-11D3-BF4B-00C04F79EFBC}") = "Scarpa.Prism.Android", "Scarpa.Prism\Scarpa.Prism.Android\Scarpa.Prism.Android.csproj", "{66AF6D14-1A21-4293-A783-6B332FD33780}"
EndProject
Project("{FAE04EC0-301F-11D3-BF4B-00C04F79EFBC}") = "Scarpa.Prism.iOS", "Scarpa.Prism\Scarpa.Prism.iOS\Scarpa.Prism.iOS.csproj", "{024C14A9-BE18-4EF2-9A94-C18B7774C314}"
EndProject
Global
	GlobalSection(SolutionConfigurationPlatforms) = preSolution
		Ad-Hoc|Any CPU = Ad-Hoc|Any CPU
		Ad-Hoc|iPhone = Ad-Hoc|iPhone
		Ad-Hoc|iPhoneSimulator = Ad-Hoc|iPhoneSimulator
		AppStore|Any CPU = AppStore|Any CPU
		AppStore|iPhone = AppStore|iPhone
		AppStore|iPhoneSimulator = AppStore|iPhoneSimulator
		Debug|Any CPU = Debug|Any CPU
		Debug|iPhone = Debug|iPhone
		Debug|iPhoneSimulator = Debug|iPhoneSimulator
		Release|Any CPU = Release|Any CPU
		Release|iPhone = Release|iPhone
		Release|iPhoneSimulator = Release|iPhoneSimulator
	EndGlobalSection
	GlobalSection(ProjectConfigurationPlatforms) = postSolution
		{2A2E2F15-3AAD-4221-946F-7F42B3DE3F13}.Ad-Hoc|Any CPU.ActiveCfg = Release|Any CPU
		{2A2E2F15-3AAD-4221-946F-7F42B3DE3F13}.Ad-Hoc|Any CPU.Build.0 = Release|Any CPU
		{2A2E2F15-3AAD-4221-946F-7F42B3DE3F13}.Ad-Hoc|iPhone.ActiveCfg = Release|Any CPU
		{2A2E2F15-3AAD-4221-946F-7F42B3DE3F13}.Ad-Hoc|iPhone.Build.0 = Release|Any CPU
		{2A2E2F15-3AAD-4221-946F-7F42B3DE3F13}.Ad-Hoc|iPhoneSimulator.ActiveCfg = Release|Any CPU
		{2A2E2F15-3AAD-4221-946F-7F42B3DE3F13}.Ad-Hoc|iPhoneSimulator.Build.0 = Release|Any CPU
		{2A2E2F15-3AAD-4221-946F-7F42B3DE3F13}.AppStore|Any CPU.ActiveCfg = Release|Any CPU
		{2A2E2F15-3AAD-4221-946F-7F42B3DE3F13}.AppStore|Any CPU.Build.0 = Release|Any CPU
		{2A2E2F15-3AAD-4221-946F-7F42B3DE3F13}.AppStore|iPhone.ActiveCfg = Release|Any CPU
		{2A2E2F15-3AAD-4221-946F-7F42B3DE3F13}.AppStore|iPhone.Build.0 = Release|Any CPU
		{2A2E2F15-3AAD-4221-946F-7F42B3DE3F13}.AppStore|iPhoneSimulator.ActiveCfg = Release|Any CPU
		{2A2E2F15-3AAD-4221-946F-7F42B3DE3F13}.AppStore|iPhoneSimulator.Build.0 = Release|Any CPU
		{2A2E2F15-3AAD-4221-946F-7F42B3DE3F13}.Debug|Any CPU.ActiveCfg = Debug|Any CPU
		{2A2E2F15-3AAD-4221-946F-7F42B3DE3F13}.Debug|Any CPU.Build.0 = Debug|Any CPU
		{2A2E2F15-3AAD-4221-946F-7F42B3DE3F13}.Debug|iPhone.ActiveCfg = Debug|Any CPU
		{2A2E2F15-3AAD-4221-946F-7F42B3DE3F13}.Debug|iPhone.Build.0 = Debug|Any CPU
		{2A2E2F15-3AAD-4221-946F-7F42B3DE3F13}.Debug|iPhoneSimulator.ActiveCfg = Debug|Any CPU
		{2A2E2F15-3AAD-4221-946F-7F42B3DE3F13}.Debug|iPhoneSimulator.Build.0 = Debug|Any CPU
		{2A2E2F15-3AAD-4221-946F-7F42B3DE3F13}.Release|Any CPU.ActiveCfg = Release|Any CPU
		{2A2E2F15-3AAD-4221-946F-7F42B3DE3F13}.Release|Any CPU.Build.0 = Release|Any CPU
		{2A2E2F15-3AAD-4221-946F-7F42B3DE3F13}.Release|iPhone.ActiveCfg = Release|Any CPU
		{2A2E2F15-3AAD-4221-946F-7F42B3DE3F13}.Release|iPhone.Build.0 = Release|Any CPU
		{2A2E2F15-3AAD-4221-946F-7F42B3DE3F13}.Release|iPhoneSimulator.ActiveCfg = Release|Any CPU
		{2A2E2F15-3AAD-4221-946F-7F42B3DE3F13}.Release|iPhoneSimulator.Build.0 = Release|Any CPU
		{79FBF3D1-346B-4C49-AD4B-E43E17B94C15}.Ad-Hoc|Any CPU.ActiveCfg = Release|Any CPU
		{79FBF3D1-346B-4C49-AD4B-E43E17B94C15}.Ad-Hoc|Any CPU.Build.0 = Release|Any CPU
		{79FBF3D1-346B-4C49-AD4B-E43E17B94C15}.Ad-Hoc|iPhone.ActiveCfg = Release|Any CPU
		{79FBF3D1-346B-4C49-AD4B-E43E17B94C15}.Ad-Hoc|iPhone.Build.0 = Release|Any CPU
		{79FBF3D1-346B-4C49-AD4B-E43E17B94C15}.Ad-Hoc|iPhoneSimulator.ActiveCfg = Release|Any CPU
		{79FBF3D1-346B-4C49-AD4B-E43E17B94C15}.Ad-Hoc|iPhoneSimulator.Build.0 = Release|Any CPU
		{79FBF3D1-346B-4C49-AD4B-E43E17B94C15}.AppStore|Any CPU.ActiveCfg = Release|Any CPU
		{79FBF3D1-346B-4C49-AD4B-E43E17B94C15}.AppStore|Any CPU.Build.0 = Release|Any CPU
		{79FBF3D1-346B-4C49-AD4B-E43E17B94C15}.AppStore|iPhone.ActiveCfg = Release|Any CPU
		{79FBF3D1-346B-4C49-AD4B-E43E17B94C15}.AppStore|iPhone.Build.0 = Release|Any CPU
		{79FBF3D1-346B-4C49-AD4B-E43E17B94C15}.AppStore|iPhoneSimulator.ActiveCfg = Release|Any CPU
		{79FBF3D1-346B-4C49-AD4B-E43E17B94C15}.AppStore|iPhoneSimulator.Build.0 = Release|Any CPU
		{79FBF3D1-346B-4C49-AD4B-E43E17B94C15}.Debug|Any CPU.ActiveCfg = Debug|Any CPU
		{79FBF3D1-346B-4C49-AD4B-E43E17B94C15}.Debug|Any CPU.Build.0 = Debug|Any CPU
		{79FBF3D1-346B-4C49-AD4B-E43E17B94C15}.Debug|iPhone.ActiveCfg = Debug|Any CPU
		{79FBF3D1-346B-4C49-AD4B-E43E17B94C15}.Debug|iPhone.Build.0 = Debug|Any CPU
		{79FBF3D1-346B-4C49-AD4B-E43E17B94C15}.Debug|iPhoneSimulator.ActiveCfg = Debug|Any CPU
		{79FBF3D1-346B-4C49-AD4B-E43E17B94C15}.Debug|iPhoneSimulator.Build.0 = Debug|Any CPU
		{79FBF3D1-346B-4C49-AD4B-E43E17B94C15}.Release|Any CPU.ActiveCfg = Release|Any CPU
		{79FBF3D1-346B-4C49-AD4B-E43E17B94C15}.Release|Any CPU.Build.0 = Release|Any CPU
		{79FBF3D1-346B-4C49-AD4B-E43E17B94C15}.Release|iPhone.ActiveCfg = Release|Any CPU
		{79FBF3D1-346B-4C49-AD4B-E43E17B94C15}.Release|iPhone.Build.0 = Release|Any CPU
		{79FBF3D1-346B-4C49-AD4B-E43E17B94C15}.Release|iPhoneSimulator.ActiveCfg = Release|Any CPU
		{79FBF3D1-346B-4C49-AD4B-E43E17B94C15}.Release|iPhoneSimulator.Build.0 = Release|Any CPU
		{3CA1D7B4-8005-469F-9699-A64CC3C83ECF}.Ad-Hoc|Any CPU.ActiveCfg = Release|Any CPU
		{3CA1D7B4-8005-469F-9699-A64CC3C83ECF}.Ad-Hoc|Any CPU.Build.0 = Release|Any CPU
		{3CA1D7B4-8005-469F-9699-A64CC3C83ECF}.Ad-Hoc|iPhone.ActiveCfg = Release|Any CPU
		{3CA1D7B4-8005-469F-9699-A64CC3C83ECF}.Ad-Hoc|iPhone.Build.0 = Release|Any CPU
		{3CA1D7B4-8005-469F-9699-A64CC3C83ECF}.Ad-Hoc|iPhoneSimulator.ActiveCfg = Release|Any CPU
		{3CA1D7B4-8005-469F-9699-A64CC3C83ECF}.Ad-Hoc|iPhoneSimulator.Build.0 = Release|Any CPU
		{3CA1D7B4-8005-469F-9699-A64CC3C83ECF}.AppStore|Any CPU.ActiveCfg = Release|Any CPU
		{3CA1D7B4-8005-469F-9699-A64CC3C83ECF}.AppStore|Any CPU.Build.0 = Release|Any CPU
		{3CA1D7B4-8005-469F-9699-A64CC3C83ECF}.AppStore|iPhone.ActiveCfg = Release|Any CPU
		{3CA1D7B4-8005-469F-9699-A64CC3C83ECF}.AppStore|iPhone.Build.0 = Release|Any CPU
		{3CA1D7B4-8005-469F-9699-A64CC3C83ECF}.AppStore|iPhoneSimulator.ActiveCfg = Release|Any CPU
		{3CA1D7B4-8005-469F-9699-A64CC3C83ECF}.AppStore|iPhoneSimulator.Build.0 = Release|Any CPU
		{3CA1D7B4-8005-469F-9699-A64CC3C83ECF}.Debug|Any CPU.ActiveCfg = Debug|Any CPU
		{3CA1D7B4-8005-469F-9699-A64CC3C83ECF}.Debug|Any CPU.Build.0 = Debug|Any CPU
		{3CA1D7B4-8005-469F-9699-A64CC3C83ECF}.Debug|iPhone.ActiveCfg = Debug|Any CPU
		{3CA1D7B4-8005-469F-9699-A64CC3C83ECF}.Debug|iPhone.Build.0 = Debug|Any CPU
		{3CA1D7B4-8005-469F-9699-A64CC3C83ECF}.Debug|iPhoneSimulator.ActiveCfg = Debug|Any CPU
		{3CA1D7B4-8005-469F-9699-A64CC3C83ECF}.Debug|iPhoneSimulator.Build.0 = Debug|Any CPU
		{3CA1D7B4-8005-469F-9699-A64CC3C83ECF}.Release|Any CPU.ActiveCfg = Release|Any CPU
		{3CA1D7B4-8005-469F-9699-A64CC3C83ECF}.Release|Any CPU.Build.0 = Release|Any CPU
		{3CA1D7B4-8005-469F-9699-A64CC3C83ECF}.Release|iPhone.ActiveCfg = Release|Any CPU
		{3CA1D7B4-8005-469F-9699-A64CC3C83ECF}.Release|iPhone.Build.0 = Release|Any CPU
		{3CA1D7B4-8005-469F-9699-A64CC3C83ECF}.Release|iPhoneSimulator.ActiveCfg = Release|Any CPU
		{3CA1D7B4-8005-469F-9699-A64CC3C83ECF}.Release|iPhoneSimulator.Build.0 = Release|Any CPU
		{66AF6D14-1A21-4293-A783-6B332FD33780}.Ad-Hoc|Any CPU.ActiveCfg = Debug|Any CPU
		{66AF6D14-1A21-4293-A783-6B332FD33780}.Ad-Hoc|Any CPU.Build.0 = Debug|Any CPU
		{66AF6D14-1A21-4293-A783-6B332FD33780}.Ad-Hoc|Any CPU.Deploy.0 = Debug|Any CPU
		{66AF6D14-1A21-4293-A783-6B332FD33780}.Ad-Hoc|iPhone.ActiveCfg = Debug|Any CPU
		{66AF6D14-1A21-4293-A783-6B332FD33780}.Ad-Hoc|iPhone.Build.0 = Debug|Any CPU
		{66AF6D14-1A21-4293-A783-6B332FD33780}.Ad-Hoc|iPhone.Deploy.0 = Debug|Any CPU
		{66AF6D14-1A21-4293-A783-6B332FD33780}.Ad-Hoc|iPhoneSimulator.ActiveCfg = Debug|Any CPU
		{66AF6D14-1A21-4293-A783-6B332FD33780}.Ad-Hoc|iPhoneSimulator.Build.0 = Debug|Any CPU
		{66AF6D14-1A21-4293-A783-6B332FD33780}.Ad-Hoc|iPhoneSimulator.Deploy.0 = Debug|Any CPU
		{66AF6D14-1A21-4293-A783-6B332FD33780}.AppStore|Any CPU.ActiveCfg = Debug|Any CPU
		{66AF6D14-1A21-4293-A783-6B332FD33780}.AppStore|Any CPU.Build.0 = Debug|Any CPU
		{66AF6D14-1A21-4293-A783-6B332FD33780}.AppStore|Any CPU.Deploy.0 = Debug|Any CPU
		{66AF6D14-1A21-4293-A783-6B332FD33780}.AppStore|iPhone.ActiveCfg = Debug|Any CPU
		{66AF6D14-1A21-4293-A783-6B332FD33780}.AppStore|iPhone.Build.0 = Debug|Any CPU
		{66AF6D14-1A21-4293-A783-6B332FD33780}.AppStore|iPhone.Deploy.0 = Debug|Any CPU
		{66AF6D14-1A21-4293-A783-6B332FD33780}.AppStore|iPhoneSimulator.ActiveCfg = Debug|Any CPU
		{66AF6D14-1A21-4293-A783-6B332FD33780}.AppStore|iPhoneSimulator.Build.0 = Debug|Any CPU
		{66AF6D14-1A21-4293-A783-6B332FD33780}.AppStore|iPhoneSimulator.Deploy.0 = Debug|Any CPU
		{66AF6D14-1A21-4293-A783-6B332FD33780}.Debug|Any CPU.ActiveCfg = Debug|Any CPU
		{66AF6D14-1A21-4293-A783-6B332FD33780}.Debug|Any CPU.Build.0 = Debug|Any CPU
		{66AF6D14-1A21-4293-A783-6B332FD33780}.Debug|Any CPU.Deploy.0 = Debug|Any CPU
		{66AF6D14-1A21-4293-A783-6B332FD33780}.Debug|iPhone.ActiveCfg = Debug|Any CPU
		{66AF6D14-1A21-4293-A783-6B332FD33780}.Debug|iPhone.Build.0 = Debug|Any CPU
		{66AF6D14-1A21-4293-A783-6B332FD33780}.Debug|iPhone.Deploy.0 = Debug|Any CPU
		{66AF6D14-1A21-4293-A783-6B332FD33780}.Debug|iPhoneSimulator.ActiveCfg = Debug|Any CPU
		{66AF6D14-1A21-4293-A783-6B332FD33780}.Debug|iPhoneSimulator.Build.0 = Debug|Any CPU
		{66AF6D14-1A21-4293-A783-6B332FD33780}.Debug|iPhoneSimulator.Deploy.0 = Debug|Any CPU
		{66AF6D14-1A21-4293-A783-6B332FD33780}.Release|Any CPU.ActiveCfg = Release|Any CPU
		{66AF6D14-1A21-4293-A783-6B332FD33780}.Release|Any CPU.Build.0 = Release|Any CPU
		{66AF6D14-1A21-4293-A783-6B332FD33780}.Release|Any CPU.Deploy.0 = Release|Any CPU
		{66AF6D14-1A21-4293-A783-6B332FD33780}.Release|iPhone.ActiveCfg = Release|Any CPU
		{66AF6D14-1A21-4293-A783-6B332FD33780}.Release|iPhone.Build.0 = Release|Any CPU
		{66AF6D14-1A21-4293-A783-6B332FD33780}.Release|iPhone.Deploy.0 = Release|Any CPU
		{66AF6D14-1A21-4293-A783-6B332FD33780}.Release|iPhoneSimulator.ActiveCfg = Release|Any CPU
		{66AF6D14-1A21-4293-A783-6B332FD33780}.Release|iPhoneSimulator.Build.0 = Release|Any CPU
		{66AF6D14-1A21-4293-A783-6B332FD33780}.Release|iPhoneSimulator.Deploy.0 = Release|Any CPU
		{024C14A9-BE18-4EF2-9A94-C18B7774C314}.Ad-Hoc|Any CPU.ActiveCfg = Ad-Hoc|iPhoneSimulator
		{024C14A9-BE18-4EF2-9A94-C18B7774C314}.Ad-Hoc|iPhone.ActiveCfg = Ad-Hoc|iPhone
		{024C14A9-BE18-4EF2-9A94-C18B7774C314}.Ad-Hoc|iPhone.Build.0 = Ad-Hoc|iPhone
		{024C14A9-BE18-4EF2-9A94-C18B7774C314}.Ad-Hoc|iPhoneSimulator.ActiveCfg = Ad-Hoc|iPhoneSimulator
		{024C14A9-BE18-4EF2-9A94-C18B7774C314}.Ad-Hoc|iPhoneSimulator.Build.0 = Ad-Hoc|iPhoneSimulator
		{024C14A9-BE18-4EF2-9A94-C18B7774C314}.AppStore|Any CPU.ActiveCfg = AppStore|iPhoneSimulator
		{024C14A9-BE18-4EF2-9A94-C18B7774C314}.AppStore|iPhone.ActiveCfg = AppStore|iPhone
		{024C14A9-BE18-4EF2-9A94-C18B7774C314}.AppStore|iPhone.Build.0 = AppStore|iPhone
		{024C14A9-BE18-4EF2-9A94-C18B7774C314}.AppStore|iPhoneSimulator.ActiveCfg = AppStore|iPhoneSimulator
		{024C14A9-BE18-4EF2-9A94-C18B7774C314}.AppStore|iPhoneSimulator.Build.0 = AppStore|iPhoneSimulator
		{024C14A9-BE18-4EF2-9A94-C18B7774C314}.Debug|Any CPU.ActiveCfg = Debug|iPhoneSimulator
		{024C14A9-BE18-4EF2-9A94-C18B7774C314}.Debug|iPhone.ActiveCfg = Debug|iPhone
		{024C14A9-BE18-4EF2-9A94-C18B7774C314}.Debug|iPhone.Build.0 = Debug|iPhone
		{024C14A9-BE18-4EF2-9A94-C18B7774C314}.Debug|iPhoneSimulator.ActiveCfg = Debug|iPhoneSimulator
		{024C14A9-BE18-4EF2-9A94-C18B7774C314}.Debug|iPhoneSimulator.Build.0 = Debug|iPhoneSimulator
		{024C14A9-BE18-4EF2-9A94-C18B7774C314}.Release|Any CPU.ActiveCfg = Release|iPhoneSimulator
		{024C14A9-BE18-4EF2-9A94-C18B7774C314}.Release|iPhone.ActiveCfg = Release|iPhone
		{024C14A9-BE18-4EF2-9A94-C18B7774C314}.Release|iPhone.Build.0 = Release|iPhone
		{024C14A9-BE18-4EF2-9A94-C18B7774C314}.Release|iPhoneSimulator.ActiveCfg = Release|iPhoneSimulator
		{024C14A9-BE18-4EF2-9A94-C18B7774C314}.Release|iPhoneSimulator.Build.0 = Release|iPhoneSimulator
	EndGlobalSection
	GlobalSection(SolutionProperties) = preSolution
		HideSolutionNode = FALSE
	EndGlobalSection
	GlobalSection(ExtensibilityGlobals) = postSolution
		SolutionGuid = {61B4281F-5F1D-4C47-A751-8056DDD415E5}
	EndGlobalSection
EndGlobal
